{
  "name": "references",
  "lockfileVersion": 3,
  "requires": true,
  "packages": {
    "": {
      "dependencies": {
        "@callstack/liquid-glass": "^0.8.1",
        "expo-glass-effect": "^57.0.3"
      }
    },
    "node_modules/@callstack/liquid-glass": {
      "version": "0.8.1",
      "resolved": "https://registry.npmjs.org/@callstack/liquid-glass/-/liquid-glass-0.8.1.tgz",
      "integrity": "sha512-YWKw0UrpghgqtO3XOemJhOabMqwWSXGyYBJ4L4S+6eEoTXpbpbH8oEta5qY1zxQoAaPaljIq/iLS0x9y+RLFjg==",
      "license": "MIT",
      "workspaces": [
        "example"
      ],
      "peerDependencies": {
        "react": "*",
        "react-native": "*"
      }
    },
    "node_modules/expo-glass-effect": {
      "version": "57.0.3",
      "resolved": "https://registry.npmjs.org/expo-glass-effect/-/expo-glass-effect-57.0.3.tgz",
      "integrity": "sha512-aTh2J5eCxf+rSRMBJTnP8Ib5/k8DYFVDuEX1xqesN9F9aqTXocwMv/aQRVBNUs/iogDWhHIJz2pN97IsrrTcoA==",
      "license": "MIT",
      "peerDependencies": {
        "expo": "*",
        "react": "*",
        "react-native": "*"
      }
    }
  }
}
